
Microsoft Visual Studio Solution File, Format Version 12.00
# Visual Studio 15
VisualStudioVersion = 15.0.28307.421
MinimumVisualStudioVersion = 10.0.40219.1
Project("{FAE04EC0-301F-11D3-BF4B-00C04F79EFBC}") = "Geolocation.Android", "Geolocation\Geolocation.Android\Geolocation.Android.csproj", "{DCEA92F5-05FD-445E-836F-5360CD6973DD}"
EndProject
Project("{FAE04EC0-301F-11D3-BF4B-00C04F79EFBC}") = "Geolocation.iOS", "Geolocation\Geolocation.iOS\Geolocation.iOS.csproj", "{B8645606-A51C-4214-86E9-AB1A497EAE08}"
EndProject
Project("{FAE04EC0-301F-11D3-BF4B-00C04F79EFBC}") = "Geolocation", "Geolocation\Geolocation\Geolocation.csproj", "{2A513585-4A3A-4800-88DE-40C4E62BE646}"
EndProject
Global
	GlobalSection(SolutionConfigurationPlatforms) = preSolution
		Ad-Hoc|Any CPU = Ad-Hoc|Any CPU
		Ad-Hoc|iPhone = Ad-Hoc|iPhone
		Ad-Hoc|iPhoneSimulator = Ad-Hoc|iPhoneSimulator
		AppStore|Any CPU = AppStore|Any CPU
		AppStore|iPhone = AppStore|iPhone
		AppStore|iPhoneSimulator = AppStore|iPhoneSimulator
		Debug|Any CPU = Debug|Any CPU
		Debug|iPhone = Debug|iPhone
		Debug|iPhoneSimulator = Debug|iPhoneSimulator
		Release|Any CPU = Release|Any CPU
		Release|iPhone = Release|iPhone
		Release|iPhoneSimulator = Release|iPhoneSimulator
	EndGlobalSection
	GlobalSection(ProjectConfigurationPlatforms) = postSolution
		{DCEA92F5-05FD-445E-836F-5360CD6973DD}.Ad-Hoc|Any CPU.ActiveCfg = Release|Any CPU
		{DCEA92F5-05FD-445E-836F-5360CD6973DD}.Ad-Hoc|Any CPU.Build.0 = Release|Any CPU
		{DCEA92F5-05FD-445E-836F-5360CD6973DD}.Ad-Hoc|Any CPU.Deploy.0 = Release|Any CPU
		{DCEA92F5-05FD-445E-836F-5360CD6973DD}.Ad-Hoc|iPhone.ActiveCfg = Release|Any CPU
		{DCEA92F5-05FD-445E-836F-5360CD6973DD}.Ad-Hoc|iPhone.Build.0 = Release|Any CPU
		{DCEA92F5-05FD-445E-836F-5360CD6973DD}.Ad-Hoc|iPhone.Deploy.0 = Release|Any CPU
		{DCEA92F5-05FD-445E-836F-5360CD6973DD}.Ad-Hoc|iPhoneSimulator.ActiveCfg = Release|Any CPU
		{DCEA92F5-05FD-445E-836F-5360CD6973DD}.Ad-Hoc|iPhoneSimulator.Build.0 = Release|Any CPU
		{DCEA92F5-05FD-445E-836F-5360CD6973DD}.Ad-Hoc|iPhoneSimulator.Deploy.0 = Release|Any CPU
		{DCEA92F5-05FD-445E-836F-5360CD6973DD}.AppStore|Any CPU.ActiveCfg = Release|Any CPU
		{DCEA92F5-05FD-445E-836F-5360CD6973DD}.AppStore|Any CPU.Build.0 = Release|Any CPU
		{DCEA92F5-05FD-445E-836F-5360CD6973DD}.AppStore|Any CPU.Deploy.0 = Release|Any CPU
		{DCEA92F5-05FD-445E-836F-5360CD6973DD}.AppStore|iPhone.ActiveCfg = Release|Any CPU
		{DCEA92F5-05FD-445E-836F-5360CD6973DD}.AppStore|iPhone.Build.0 = Release|Any CPU
		{DCEA92F5-05FD-445E-836F-5360CD6973DD}.AppStore|iPhone.Deploy.0 = Release|Any CPU
		{DCEA92F5-05FD-445E-836F-5360CD6973DD}.AppStore|iPhoneSimulator.ActiveCfg = Release|Any CPU
		{DCEA92F5-05FD-445E-836F-5360CD6973DD}.AppStore|iPhoneSimulator.Build.0 = Release|Any CPU
		{DCEA92F5-05FD-445E-836F-5360CD6973DD}.AppStore|iPhoneSimulator.Deploy.0 = Release|Any CPU
		{DCEA92F5-05FD-445E-836F-5360CD6973DD}.Debug|Any CPU.ActiveCfg = Debug|Any CPU
		{DCEA92F5-05FD-445E-836F-5360CD6973DD}.Debug|Any CPU.Build.0 = Debug|Any CPU
		{DCEA92F5-05FD-445E-836F-5360CD6973DD}.Debug|Any CPU.Deploy.0 = Debug|Any CPU
		{DCEA92F5-05FD-445E-836F-5360CD6973DD}.Debug|iPhone.ActiveCfg = Debug|Any CPU
		{DCEA92F5-05FD-445E-836F-5360CD6973DD}.Debug|iPhone.Build.0 = Debug|Any CPU
		{DCEA92F5-05FD-445E-836F-5360CD6973DD}.Debug|iPhone.Deploy.0 = Debug|Any CPU
		{DCEA92F5-05FD-445E-836F-5360CD6973DD}.Debug|iPhoneSimulator.ActiveCfg = Debug|Any CPU
		{DCEA92F5-05FD-445E-836F-5360CD6973DD}.Debug|iPhoneSimulator.Build.0 = Debug|Any CPU
		{DCEA92F5-05FD-445E-836F-5360CD6973DD}.Debug|iPhoneSimulator.Deploy.0 = Debug|Any CPU
		{DCEA92F5-05FD-445E-836F-5360CD6973DD}.Release|Any CPU.ActiveCfg = Release|Any CPU
		{DCEA92F5-05FD-445E-836F-5360CD6973DD}.Release|Any CPU.Build.0 = Release|Any CPU
		{DCEA92F5-05FD-445E-836F-5360CD6973DD}.Release|Any CPU.Deploy.0 = Release|Any CPU
		{DCEA92F5-05FD-445E-836F-5360CD6973DD}.Release|iPhone.ActiveCfg = Release|Any CPU
		{DCEA92F5-05FD-445E-836F-5360CD6973DD}.Release|iPhone.Build.0 = Release|Any CPU
		{DCEA92F5-05FD-445E-836F-5360CD6973DD}.Release|iPhone.Deploy.0 = Release|Any CPU
		{DCEA92F5-05FD-445E-836F-5360CD6973DD}.Release|iPhoneSimulator.ActiveCfg = Release|Any CPU
		{DCEA92F5-05FD-445E-836F-5360CD6973DD}.Release|iPhoneSimulator.Build.0 = Release|Any CPU
		{DCEA92F5-05FD-445E-836F-5360CD6973DD}.Release|iPhoneSimulator.Deploy.0 = Release|Any CPU
		{B8645606-A51C-4214-86E9-AB1A497EAE08}.Ad-Hoc|Any CPU.ActiveCfg = Ad-Hoc|iPhone
		{B8645606-A51C-4214-86E9-AB1A497EAE08}.Ad-Hoc|Any CPU.Build.0 = Ad-Hoc|iPhone
		{B8645606-A51C-4214-86E9-AB1A497EAE08}.Ad-Hoc|Any CPU.Deploy.0 = Ad-Hoc|iPhone
		{B8645606-A51C-4214-86E9-AB1A497EAE08}.Ad-Hoc|iPhone.ActiveCfg = Ad-Hoc|iPhone
		{B8645606-A51C-4214-86E9-AB1A497EAE08}.Ad-Hoc|iPhone.Build.0 = Ad-Hoc|iPhone
		{B8645606-A51C-4214-86E9-AB1A497EAE08}.Ad-Hoc|iPhone.Deploy.0 = Ad-Hoc|iPhone
		{B8645606-A51C-4214-86E9-AB1A497EAE08}.Ad-Hoc|iPhoneSimulator.ActiveCfg = Ad-Hoc|iPhoneSimulator
		{B8645606-A51C-4214-86E9-AB1A497EAE08}.Ad-Hoc|iPhoneSimulator.Build.0 = Ad-Hoc|iPhoneSimulator
		{B8645606-A51C-4214-86E9-AB1A497EAE08}.Ad-Hoc|iPhoneSimulator.Deploy.0 = Ad-Hoc|iPhoneSimulator
		{B8645606-A51C-4214-86E9-AB1A497EAE08}.AppStore|Any CPU.ActiveCfg = AppStore|iPhone
		{B8645606-A51C-4214-86E9-AB1A497EAE08}.AppStore|Any CPU.Build.0 = AppStore|iPhone
		{B8645606-A51C-4214-86E9-AB1A497EAE08}.AppStore|Any CPU.Deploy.0 = AppStore|iPhone
		{B8645606-A51C-4214-86E9-AB1A497EAE08}.AppStore|iPhone.ActiveCfg = AppStore|iPhone
		{B8645606-A51C-4214-86E9-AB1A497EAE08}.AppStore|iPhone.Build.0 = AppStore|iPhone
		{B8645606-A51C-4214-86E9-AB1A497EAE08}.AppStore|iPhone.Deploy.0 = AppStore|iPhone
		{B8645606-A51C-4214-86E9-AB1A497EAE08}.AppStore|iPhoneSimulator.ActiveCfg = AppStore|iPhoneSimulator
		{B8645606-A51C-4214-86E9-AB1A497EAE08}.AppStore|iPhoneSimulator.Build.0 = AppStore|iPhoneSimulator
		{B8645606-A51C-4214-86E9-AB1A497EAE08}.AppStore|iPhoneSimulator.Deploy.0 = AppStore|iPhoneSimulator
		{B8645606-A51C-4214-86E9-AB1A497EAE08}.Debug|Any CPU.ActiveCfg = Debug|iPhoneSimulator
		{B8645606-A51C-4214-86E9-AB1A497EAE08}.Debug|Any CPU.Build.0 = Debug|iPhoneSimulator
		{B8645606-A51C-4214-86E9-AB1A497EAE08}.Debug|Any CPU.Deploy.0 = Debug|iPhoneSimulator
		{B8645606-A51C-4214-86E9-AB1A497EAE08}.Debug|iPhone.ActiveCfg = Debug|iPhone
		{B8645606-A51C-4214-86E9-AB1A497EAE08}.Debug|iPhone.Build.0 = Debug|iPhone
		{B8645606-A51C-4214-86E9-AB1A497EAE08}.Debug|iPhone.Deploy.0 = Debug|iPhone
		{B8645606-A51C-4214-86E9-AB1A497EAE08}.Debug|iPhoneSimulator.ActiveCfg = Debug|iPhoneSimulator
		{B8645606-A51C-4214-86E9-AB1A497EAE08}.Debug|iPhoneSimulator.Build.0 = Debug|iPhoneSimulator
		{B8645606-A51C-4214-86E9-AB1A497EAE08}.Debug|iPhoneSimulator.Deploy.0 = Debug|iPhoneSimulator
		{B8645606-A51C-4214-86E9-AB1A497EAE08}.Release|Any CPU.ActiveCfg = Release|iPhone
		{B8645606-A51C-4214-86E9-AB1A497EAE08}.Release|Any CPU.Build.0 = Release|iPhone
		{B8645606-A51C-4214-86E9-AB1A497EAE08}.Release|Any CPU.Deploy.0 = Release|iPhone
		{B8645606-A51C-4214-86E9-AB1A497EAE08}.Release|iPhone.ActiveCfg = Release|iPhone
		{B8645606-A51C-4214-86E9-AB1A497EAE08}.Release|iPhone.Build.0 = Release|iPhone
		{B8645606-A51C-4214-86E9-AB1A497EAE08}.Release|iPhone.Deploy.0 = Release|iPhone
		{B8645606-A51C-4214-86E9-AB1A497EAE08}.Release|iPhoneSimulator.ActiveCfg = Release|iPhoneSimulator
		{B8645606-A51C-4214-86E9-AB1A497EAE08}.Release|iPhoneSimulator.Build.0 = Release|iPhoneSimulator
		{B8645606-A51C-4214-86E9-AB1A497EAE08}.Release|iPhoneSimulator.Deploy.0 = Release|iPhoneSimulator
		{2A513585-4A3A-4800-88DE-40C4E62BE646}.Ad-Hoc|Any CPU.ActiveCfg = Debug|Any CPU
		{2A513585-4A3A-4800-88DE-40C4E62BE646}.Ad-Hoc|Any CPU.Build.0 = Debug|Any CPU
		{2A513585-4A3A-4800-88DE-40C4E62BE646}.Ad-Hoc|Any CPU.Deploy.0 = Debug|Any CPU
		{2A513585-4A3A-4800-88DE-40C4E62BE646}.Ad-Hoc|iPhone.ActiveCfg = Debug|Any CPU
		{2A513585-4A3A-4800-88DE-40C4E62BE646}.Ad-Hoc|iPhone.Build.0 = Debug|Any CPU
		{2A513585-4A3A-4800-88DE-40C4E62BE646}.Ad-Hoc|iPhone.Deploy.0 = Debug|Any CPU
		{2A513585-4A3A-4800-88DE-40C4E62BE646}.Ad-Hoc|iPhoneSimulator.ActiveCfg = Debug|Any CPU
		{2A513585-4A3A-4800-88DE-40C4E62BE646}.Ad-Hoc|iPhoneSimulator.Build.0 = Debug|Any CPU
		{2A513585-4A3A-4800-88DE-40C4E62BE646}.Ad-Hoc|iPhoneSimulator.Deploy.0 = Debug|Any CPU
		{2A513585-4A3A-4800-88DE-40C4E62BE646}.AppStore|Any CPU.ActiveCfg = Debug|Any CPU
		{2A513585-4A3A-4800-88DE-40C4E62BE646}.AppStore|Any CPU.Build.0 = Debug|Any CPU
		{2A513585-4A3A-4800-88DE-40C4E62BE646}.AppStore|Any CPU.Deploy.0 = Debug|Any CPU
		{2A513585-4A3A-4800-88DE-40C4E62BE646}.AppStore|iPhone.ActiveCfg = Debug|Any CPU
		{2A513585-4A3A-4800-88DE-40C4E62BE646}.AppStore|iPhone.Build.0 = Debug|Any CPU
		{2A513585-4A3A-4800-88DE-40C4E62BE646}.AppStore|iPhone.Deploy.0 = Debug|Any CPU
		{2A513585-4A3A-4800-88DE-40C4E62BE646}.AppStore|iPhoneSimulator.ActiveCfg = Debug|Any CPU
		{2A513585-4A3A-4800-88DE-40C4E62BE646}.AppStore|iPhoneSimulator.Build.0 = Debug|Any CPU
		{2A513585-4A3A-4800-88DE-40C4E62BE646}.AppStore|iPhoneSimulator.Deploy.0 = Debug|Any CPU
		{2A513585-4A3A-4800-88DE-40C4E62BE646}.Debug|Any CPU.ActiveCfg = Debug|Any CPU
		{2A513585-4A3A-4800-88DE-40C4E62BE646}.Debug|Any CPU.Build.0 = Debug|Any CPU
		{2A513585-4A3A-4800-88DE-40C4E62BE646}.Debug|Any CPU.Deploy.0 = Debug|Any CPU
		{2A513585-4A3A-4800-88DE-40C4E62BE646}.Debug|iPhone.ActiveCfg = Debug|Any CPU
		{2A513585-4A3A-4800-88DE-40C4E62BE646}.Debug|iPhone.Build.0 = Debug|Any CPU
		{2A513585-4A3A-4800-88DE-40C4E62BE646}.Debug|iPhone.Deploy.0 = Debug|Any CPU
		{2A513585-4A3A-4800-88DE-40C4E62BE646}.Debug|iPhoneSimulator.ActiveCfg = Debug|Any CPU
		{2A513585-4A3A-4800-88DE-40C4E62BE646}.Debug|iPhoneSimulator.Build.0 = Debug|Any CPU
		{2A513585-4A3A-4800-88DE-40C4E62BE646}.Debug|iPhoneSimulator.Deploy.0 = Debug|Any CPU
		{2A513585-4A3A-4800-88DE-40C4E62BE646}.Release|Any CPU.ActiveCfg = Release|Any CPU
		{2A513585-4A3A-4800-88DE-40C4E62BE646}.Release|Any CPU.Build.0 = Release|Any CPU
		{2A513585-4A3A-4800-88DE-40C4E62BE646}.Release|Any CPU.Deploy.0 = Release|Any CPU
		{2A513585-4A3A-4800-88DE-40C4E62BE646}.Release|iPhone.ActiveCfg = Release|Any CPU
		{2A513585-4A3A-4800-88DE-40C4E62BE646}.Release|iPhone.Build.0 = Release|Any CPU
		{2A513585-4A3A-4800-88DE-40C4E62BE646}.Release|iPhone.Deploy.0 = Release|Any CPU
		{2A513585-4A3A-4800-88DE-40C4E62BE646}.Release|iPhoneSimulator.ActiveCfg = Release|Any CPU
		{2A513585-4A3A-4800-88DE-40C4E62BE646}.Release|iPhoneSimulator.Build.0 = Release|Any CPU
		{2A513585-4A3A-4800-88DE-40C4E62BE646}.Release|iPhoneSimulator.Deploy.0 = Release|Any CPU
	EndGlobalSection
	GlobalSection(SolutionProperties) = preSolution
		HideSolutionNode = FALSE
	EndGlobalSection
	GlobalSection(ExtensibilityGlobals) = postSolution
		SolutionGuid = {C6C245A3-1448-4BEC-9188-C71DF68026D1}
	EndGlobalSection
EndGlobal
